<Solution>
  <Folder Name="/BuildingBlocks/">
    <Project Path="src/BuildingBlocks/Application/Application.csproj" />
    <Project Path="src/BuildingBlocks/Infrastructure/Infrastructure.csproj" />
  </Folder>
  <Folder Name="/Dependencies/">
    <File Path="Directory.Build.props" />
    <File Path="Directory.Packages.props" />
    <File Path="global.json" />
  </Folder>
  <Folder Name="/Documentation/">
    <File Path="README.md" />
    <File Path="../docs/architecture.md" />
    <File Path="../docs/deployment.md" />
    <File Path="../docs/ubiquitous-language.md" />
  </Folder>
  <Folder Name="/IaC/">
    <File Path="../infra/compose.local.yml" />
    <File Path="../infra/.env.local.example" />
    <File Path="src/Api/Dockerfile" />
  </Folder>
  <Folder Name="/Modules/" />
  <Folder Name="/Modules/EnBref/">
    <File Path="src/Modules/EnBref/README.md" />
    <Project Path="src/Modules/EnBref/EnBref.Application/EnBref.Application.csproj" />
    <Project Path="src/Modules/EnBref/EnBref.Infrastructure/EnBref.Infrastructure.csproj" />
  </Folder>
  <Folder Name="/Workflows/">
    <File Path="../.github/workflows/build-server.yml" />
    <File Path="../.github/workflows/release-server.yml" />
    <File Path="../.github/workflows/e2e-recap-publication.yml" />
  </Folder>
  <Project Path="src/Api/Api.csproj" />
</Solution>
